
Microsoft Visual Studio Solution File, Format Version 12.00
# Visual Studio Version 17
VisualStudioVersion = 17.11.35327.3
MinimumVisualStudioVersion = 10.0.40219.1
Project("{FAE04EC0-301F-11D3-BF4B-00C04F79EFBC}") = "Ex020", "Ex020.csproj", "{806C6879-F89B-463D-A09A-28486F924EEC}"
EndProject
Global
	GlobalSection(SolutionConfigurationPlatforms) = preSolution
		Debug|Any CPU = Debug|Any CPU
		Release|Any CPU = Release|Any CPU
	EndGlobalSection
	GlobalSection(ProjectConfigurationPlatforms) = postSolution
		{806C6879-F89B-463D-A09A-28486F924EEC}.Debug|Any CPU.ActiveCfg = Debug|Any CPU
		{806C6879-F89B-463D-A09A-28486F924EEC}.Debug|Any CPU.Build.0 = Debug|Any CPU
		{806C6879-F89B-463D-A09A-28486F924EEC}.Release|Any CPU.ActiveCfg = Release|Any CPU
		{806C6879-F89B-463D-A09A-28486F924EEC}.Release|Any CPU.Build.0 = Release|Any CPU
	EndGlobalSection
	GlobalSection(SolutionProperties) = preSolution
		HideSolutionNode = FALSE
	EndGlobalSection
	GlobalSection(ExtensibilityGlobals) = postSolution
		SolutionGuid = {C0020927-27C2-47CE-BC6F-9B9541B57092}
	EndGlobalSection
EndGlobal
